
Microsoft Visual Studio Solution File, Format Version 12.00
# Visual Studio Version 17
VisualStudioVersion = 17.2.32516.85
MinimumVisualStudioVersion = 10.0.40219.1
Project("{FAE04EC0-301F-11D3-BF4B-00C04F79EFBC}") = "LibraryApp", "LibraryApp\LibraryApp.csproj", "{B1641467-E6FC-4BA9-862E-4F56084F7668}"
EndProject
Global
	GlobalSection(SolutionConfigurationPlatforms) = preSolution
		Debug|Any CPU = Debug|Any CPU
		Release|Any CPU = Release|Any CPU
	EndGlobalSection
	GlobalSection(ProjectConfigurationPlatforms) = postSolution
		{B1641467-E6FC-4BA9-862E-4F56084F7668}.Debug|Any CPU.ActiveCfg = Debug|Any CPU
		{B1641467-E6FC-4BA9-862E-4F56084F7668}.Debug|Any CPU.Build.0 = Debug|Any CPU
		{B1641467-E6FC-4BA9-862E-4F56084F7668}.Release|Any CPU.ActiveCfg = Release|Any CPU
		{B1641467-E6FC-4BA9-862E-4F56084F7668}.Release|Any CPU.Build.0 = Release|Any CPU
	EndGlobalSection
	GlobalSection(SolutionProperties) = preSolution
		HideSolutionNode = FALSE
	EndGlobalSection
	GlobalSection(ExtensibilityGlobals) = postSolution
		SolutionGuid = {C0CC01A4-9587-43E4-8140-79E33AA979F0}
	EndGlobalSection
EndGlobal
